{
  "name": "wi-framework-example",
  "version": "1.0.0",
  "lockfileVersion": 1,
  "requires": true,
  "dependencies": {
    "bootstrap": {
      "version": "4.1.3",
      "resolved": "https://registry.npmjs.org/bootstrap/-/bootstrap-4.1.3.tgz",
      "integrity": "sha512-rDFIzgXcof0jDyjNosjv4Sno77X4KuPeFxG2XZZv1/Kc8DRVGVADdoQyyOVDwPqL36DDmtCQbrpMCqvpPLJQ0w=="
    },
    "wi-framework": {
      "version": "2.1.7",
      "resolved": "https://registry.npmjs.org/wi-framework/-/wi-framework-2.1.7.tgz",
      "integrity": "sha512-oqBMGJoF4pUnLCFydI+6DJr/LsL2s8cvbXsWb0fOWQW6h5D7jC7BmNv7mEuuTmia0ot9Hcxh07NpIamqm6Ssbg==",
      "requires": {
        "bootstrap": "^4.1.3"
      }
    },
    "wi-theme-famous": {
      "version": "1.0.4",
      "resolved": "https://registry.npmjs.org/wi-theme-famous/-/wi-theme-famous-1.0.4.tgz",
      "integrity": "sha512-GJRh+39CP6lmTHY/O90afsSc1v/7Y92C/c11VxnUmDSkhkq/fKoJRa803CtSY7M/JefhdPQHECuJ/2xuCSjROw==",
      "requires": {
        "wi-framework": "^2.1.0"
      }
    }
  }
}
